
Microsoft Visual Studio Solution File, Format Version 12.00
# Visual Studio Version 17
VisualStudioVersion = 17.10.35122.118
MinimumVisualStudioVersion = 10.0.40219.1
Project("{FAE04EC0-301F-11D3-BF4B-00C04F79EFBC}") = "ValueAssignment", "ValueAssignment\ValueAssignment.csproj", "{32056194-9108-4361-842D-3147DFC18E21}"
EndProject
Global
	GlobalSection(SolutionConfigurationPlatforms) = preSolution
		Debug|Any CPU = Debug|Any CPU
		Release|Any CPU = Release|Any CPU
	EndGlobalSection
	GlobalSection(ProjectConfigurationPlatforms) = postSolution
		{32056194-9108-4361-842D-3147DFC18E21}.Debug|Any CPU.ActiveCfg = Debug|Any CPU
		{32056194-9108-4361-842D-3147DFC18E21}.Debug|Any CPU.Build.0 = Debug|Any CPU
		{32056194-9108-4361-842D-3147DFC18E21}.Release|Any CPU.ActiveCfg = Release|Any CPU
		{32056194-9108-4361-842D-3147DFC18E21}.Release|Any CPU.Build.0 = Release|Any CPU
	EndGlobalSection
	GlobalSection(SolutionProperties) = preSolution
		HideSolutionNode = FALSE
	EndGlobalSection
	GlobalSection(ExtensibilityGlobals) = postSolution
		SolutionGuid = {C9C6B2D9-38D8-481E-BA72-A452CC7469B6}
	EndGlobalSection
EndGlobal
